
Microsoft Visual Studio Solution File, Format Version 12.00
# Visual Studio 15
VisualStudioVersion = 15.0.26730.16
MinimumVisualStudioVersion = 10.0.40219.1
Project("{FAE04EC0-301F-11D3-BF4B-00C04F79EFBC}") = "XrnCourse.BucketListI.Android", "XrnCourse.BucketListI\XrnCourse.BucketListI.Android\XrnCourse.BucketListI.Android.csproj", "{0A25AD0D-C0E3-4386-A488-EE57FF496F90}"
EndProject
Project("{FAE04EC0-301F-11D3-BF4B-00C04F79EFBC}") = "XrnCourse.BucketListI", "XrnCourse.BucketListI\XrnCourse.BucketListI\XrnCourse.BucketListI.csproj", "{D164A00A-83E3-4354-9A4E-5D2FB03BE79A}"
EndProject
Project("{FAE04EC0-301F-11D3-BF4B-00C04F79EFBC}") = "XrnCourse.BucketListI.UWP", "XrnCourse.BucketListI\XrnCourse.BucketListI.UWP\XrnCourse.BucketListI.UWP.csproj", "{2B4F6B9E-B535-417D-8D62-970085E06550}"
EndProject
Project("{FAE04EC0-301F-11D3-BF4B-00C04F79EFBC}") = "XrnCourse.BucketListI.iOS", "XrnCourse.BucketListI\XrnCourse.BucketListI.iOS\XrnCourse.BucketListI.iOS.csproj", "{32D839D0-3769-48A1-AB72-00C11C99B432}"
EndProject
Global
	GlobalSection(SolutionConfigurationPlatforms) = preSolution
		Ad-Hoc|Any CPU = Ad-Hoc|Any CPU
		Ad-Hoc|ARM = Ad-Hoc|ARM
		Ad-Hoc|iPhone = Ad-Hoc|iPhone
		Ad-Hoc|iPhoneSimulator = Ad-Hoc|iPhoneSimulator
		Ad-Hoc|x64 = Ad-Hoc|x64
		Ad-Hoc|x86 = Ad-Hoc|x86
		AppStore|Any CPU = AppStore|Any CPU
		AppStore|ARM = AppStore|ARM
		AppStore|iPhone = AppStore|iPhone
		AppStore|iPhoneSimulator = AppStore|iPhoneSimulator
		AppStore|x64 = AppStore|x64
		AppStore|x86 = AppStore|x86
		Debug|Any CPU = Debug|Any CPU
		Debug|ARM = Debug|ARM
		Debug|iPhone = Debug|iPhone
		Debug|iPhoneSimulator = Debug|iPhoneSimulator
		Debug|x64 = Debug|x64
		Debug|x86 = Debug|x86
		Release|Any CPU = Release|Any CPU
		Release|ARM = Release|ARM
		Release|iPhone = Release|iPhone
		Release|iPhoneSimulator = Release|iPhoneSimulator
		Release|x64 = Release|x64
		Release|x86 = Release|x86
	EndGlobalSection
	GlobalSection(ProjectConfigurationPlatforms) = postSolution
		{0A25AD0D-C0E3-4386-A488-EE57FF496F90}.Ad-Hoc|Any CPU.ActiveCfg = Release|Any CPU
		{0A25AD0D-C0E3-4386-A488-EE57FF496F90}.Ad-Hoc|Any CPU.Build.0 = Release|Any CPU
		{0A25AD0D-C0E3-4386-A488-EE57FF496F90}.Ad-Hoc|Any CPU.Deploy.0 = Release|Any CPU
		{0A25AD0D-C0E3-4386-A488-EE57FF496F90}.Ad-Hoc|ARM.ActiveCfg = Release|Any CPU
		{0A25AD0D-C0E3-4386-A488-EE57FF496F90}.Ad-Hoc|ARM.Build.0 = Release|Any CPU
		{0A25AD0D-C0E3-4386-A488-EE57FF496F90}.Ad-Hoc|ARM.Deploy.0 = Release|Any CPU
		{0A25AD0D-C0E3-4386-A488-EE57FF496F90}.Ad-Hoc|iPhone.ActiveCfg = Release|Any CPU
		{0A25AD0D-C0E3-4386-A488-EE57FF496F90}.Ad-Hoc|iPhone.Build.0 = Release|Any CPU
		{0A25AD0D-C0E3-4386-A488-EE57FF496F90}.Ad-Hoc|iPhone.Deploy.0 = Release|Any CPU
		{0A25AD0D-C0E3-4386-A488-EE57FF496F90}.Ad-Hoc|iPhoneSimulator.ActiveCfg = Release|Any CPU
		{0A25AD0D-C0E3-4386-A488-EE57FF496F90}.Ad-Hoc|iPhoneSimulator.Build.0 = Release|Any CPU
		{0A25AD0D-C0E3-4386-A488-EE57FF496F90}.Ad-Hoc|iPhoneSimulator.Deploy.0 = Release|Any CPU
		{0A25AD0D-C0E3-4386-A488-EE57FF496F90}.Ad-Hoc|x64.ActiveCfg = Release|Any CPU
		{0A25AD0D-C0E3-4386-A488-EE57FF496F90}.Ad-Hoc|x64.Build.0 = Release|Any CPU
		{0A25AD0D-C0E3-4386-A488-EE57FF496F90}.Ad-Hoc|x64.Deploy.0 = Release|Any CPU
		{0A25AD0D-C0E3-4386-A488-EE57FF496F90}.Ad-Hoc|x86.ActiveCfg = Release|Any CPU
		{0A25AD0D-C0E3-4386-A488-EE57FF496F90}.Ad-Hoc|x86.Build.0 = Release|Any CPU
		{0A25AD0D-C0E3-4386-A488-EE57FF496F90}.Ad-Hoc|x86.Deploy.0 = Release|Any CPU
		{0A25AD0D-C0E3-4386-A488-EE57FF496F90}.AppStore|Any CPU.ActiveCfg = Release|Any CPU
		{0A25AD0D-C0E3-4386-A488-EE57FF496F90}.AppStore|Any CPU.Build.0 = Release|Any CPU
		{0A25AD0D-C0E3-4386-A488-EE57FF496F90}.AppStore|Any CPU.Deploy.0 = Release|Any CPU
		{0A25AD0D-C0E3-4386-A488-EE57FF496F90}.AppStore|ARM.ActiveCfg = Release|Any CPU
		{0A25AD0D-C0E3-4386-A488-EE57FF496F90}.AppStore|ARM.Build.0 = Release|Any CPU
		{0A25AD0D-C0E3-4386-A488-EE57FF496F90}.AppStore|ARM.Deploy.0 = Release|Any CPU
		{0A25AD0D-C0E3-4386-A488-EE57FF496F90}.AppStore|iPhone.ActiveCfg = Release|Any CPU
		{0A25AD0D-C0E3-4386-A488-EE57FF496F90}.AppStore|iPhone.Build.0 = Release|Any CPU
		{0A25AD0D-C0E3-4386-A488-EE57FF496F90}.AppStore|iPhone.Deploy.0 = Release|Any CPU
		{0A25AD0D-C0E3-4386-A488-EE57FF496F90}.AppStore|iPhoneSimulator.ActiveCfg = Release|Any CPU
		{0A25AD0D-C0E3-4386-A488-EE57FF496F90}.AppStore|iPhoneSimulator.Build.0 = Release|Any CPU
		{0A25AD0D-C0E3-4386-A488-EE57FF496F90}.AppStore|iPhoneSimulator.Deploy.0 = Release|Any CPU
		{0A25AD0D-C0E3-4386-A488-EE57FF496F90}.AppStore|x64.ActiveCfg = Release|Any CPU
		{0A25AD0D-C0E3-4386-A488-EE57FF496F90}.AppStore|x64.Build.0 = Release|Any CPU
		{0A25AD0D-C0E3-4386-A488-EE57FF496F90}.AppStore|x64.Deploy.0 = Release|Any CPU
		{0A25AD0D-C0E3-4386-A488-EE57FF496F90}.AppStore|x86.ActiveCfg = Release|Any CPU
		{0A25AD0D-C0E3-4386-A488-EE57FF496F90}.AppStore|x86.Build.0 = Release|Any CPU
		{0A25AD0D-C0E3-4386-A488-EE57FF496F90}.AppStore|x86.Deploy.0 = Release|Any CPU
		{0A25AD0D-C0E3-4386-A488-EE57FF496F90}.Debug|Any CPU.ActiveCfg = Debug|Any CPU
		{0A25AD0D-C0E3-4386-A488-EE57FF496F90}.Debug|Any CPU.Build.0 = Debug|Any CPU
		{0A25AD0D-C0E3-4386-A488-EE57FF496F90}.Debug|Any CPU.Deploy.0 = Debug|Any CPU
		{0A25AD0D-C0E3-4386-A488-EE57FF496F90}.Debug|ARM.ActiveCfg = Debug|Any CPU
		{0A25AD0D-C0E3-4386-A488-EE57FF496F90}.Debug|ARM.Build.0 = Debug|Any CPU
		{0A25AD0D-C0E3-4386-A488-EE57FF496F90}.Debug|ARM.Deploy.0 = Debug|Any CPU
		{0A25AD0D-C0E3-4386-A488-EE57FF496F90}.Debug|iPhone.ActiveCfg = Debug|Any CPU
		{0A25AD0D-C0E3-4386-A488-EE57FF496F90}.Debug|iPhone.Build.0 = Debug|Any CPU
		{0A25AD0D-C0E3-4386-A488-EE57FF496F90}.Debug|iPhone.Deploy.0 = Debug|Any CPU
		{0A25AD0D-C0E3-4386-A488-EE57FF496F90}.Debug|iPhoneSimulator.ActiveCfg = Debug|Any CPU
		{0A25AD0D-C0E3-4386-A488-EE57FF496F90}.Debug|iPhoneSimulator.Build.0 = Debug|Any CPU
		{0A25AD0D-C0E3-4386-A488-EE57FF496F90}.Debug|iPhoneSimulator.Deploy.0 = Debug|Any CPU
		{0A25AD0D-C0E3-4386-A488-EE57FF496F90}.Debug|x64.ActiveCfg = Debug|Any CPU
		{0A25AD0D-C0E3-4386-A488-EE57FF496F90}.Debug|x64.Build.0 = Debug|Any CPU
		{0A25AD0D-C0E3-4386-A488-EE57FF496F90}.Debug|x64.Deploy.0 = Debug|Any CPU
		{0A25AD0D-C0E3-4386-A488-EE57FF496F90}.Debug|x86.ActiveCfg = Debug|Any CPU
		{0A25AD0D-C0E3-4386-A488-EE57FF496F90}.Debug|x86.Build.0 = Debug|Any CPU
		{0A25AD0D-C0E3-4386-A488-EE57FF496F90}.Debug|x86.Deploy.0 = Debug|Any CPU
		{0A25AD0D-C0E3-4386-A488-EE57FF496F90}.Release|Any CPU.ActiveCfg = Release|Any CPU
		{0A25AD0D-C0E3-4386-A488-EE57FF496F90}.Release|Any CPU.Build.0 = Release|Any CPU
		{0A25AD0D-C0E3-4386-A488-EE57FF496F90}.Release|Any CPU.Deploy.0 = Release|Any CPU
		{0A25AD0D-C0E3-4386-A488-EE57FF496F90}.Release|ARM.ActiveCfg = Release|Any CPU
		{0A25AD0D-C0E3-4386-A488-EE57FF496F90}.Release|ARM.Build.0 = Release|Any CPU
		{0A25AD0D-C0E3-4386-A488-EE57FF496F90}.Release|ARM.Deploy.0 = Release|Any CPU
		{0A25AD0D-C0E3-4386-A488-EE57FF496F90}.Release|iPhone.ActiveCfg = Release|Any CPU
		{0A25AD0D-C0E3-4386-A488-EE57FF496F90}.Release|iPhone.Build.0 = Release|Any CPU
		{0A25AD0D-C0E3-4386-A488-EE57FF496F90}.Release|iPhone.Deploy.0 = Release|Any CPU
		{0A25AD0D-C0E3-4386-A488-EE57FF496F90}.Release|iPhoneSimulator.ActiveCfg = Release|Any CPU
		{0A25AD0D-C0E3-4386-A488-EE57FF496F90}.Release|iPhoneSimulator.Build.0 = Release|Any CPU
		{0A25AD0D-C0E3-4386-A488-EE57FF496F90}.Release|iPhoneSimulator.Deploy.0 = Release|Any CPU
		{0A25AD0D-C0E3-4386-A488-EE57FF496F90}.Release|x64.ActiveCfg = Release|Any CPU
		{0A25AD0D-C0E3-4386-A488-EE57FF496F90}.Release|x64.Build.0 = Release|Any CPU
		{0A25AD0D-C0E3-4386-A488-EE57FF496F90}.Release|x64.Deploy.0 = Release|Any CPU
		{0A25AD0D-C0E3-4386-A488-EE57FF496F90}.Release|x86.ActiveCfg = Release|Any CPU
		{0A25AD0D-C0E3-4386-A488-EE57FF496F90}.Release|x86.Build.0 = Release|Any CPU
		{0A25AD0D-C0E3-4386-A488-EE57FF496F90}.Release|x86.Deploy.0 = Release|Any CPU
		{D164A00A-83E3-4354-9A4E-5D2FB03BE79A}.Ad-Hoc|Any CPU.ActiveCfg = Release|Any CPU
		{D164A00A-83E3-4354-9A4E-5D2FB03BE79A}.Ad-Hoc|Any CPU.Build.0 = Release|Any CPU
		{D164A00A-83E3-4354-9A4E-5D2FB03BE79A}.Ad-Hoc|ARM.ActiveCfg = Release|Any CPU
		{D164A00A-83E3-4354-9A4E-5D2FB03BE79A}.Ad-Hoc|ARM.Build.0 = Release|Any CPU
		{D164A00A-83E3-4354-9A4E-5D2FB03BE79A}.Ad-Hoc|iPhone.ActiveCfg = Release|Any CPU
		{D164A00A-83E3-4354-9A4E-5D2FB03BE79A}.Ad-Hoc|iPhone.Build.0 = Release|Any CPU
		{D164A00A-83E3-4354-9A4E-5D2FB03BE79A}.Ad-Hoc|iPhoneSimulator.ActiveCfg = Release|Any CPU
		{D164A00A-83E3-4354-9A4E-5D2FB03BE79A}.Ad-Hoc|iPhoneSimulator.Build.0 = Release|Any CPU
		{D164A00A-83E3-4354-9A4E-5D2FB03BE79A}.Ad-Hoc|x64.ActiveCfg = Release|Any CPU
		{D164A00A-83E3-4354-9A4E-5D2FB03BE79A}.Ad-Hoc|x64.Build.0 = Release|Any CPU
		{D164A00A-83E3-4354-9A4E-5D2FB03BE79A}.Ad-Hoc|x86.ActiveCfg = Release|Any CPU
		{D164A00A-83E3-4354-9A4E-5D2FB03BE79A}.Ad-Hoc|x86.Build.0 = Release|Any CPU
		{D164A00A-83E3-4354-9A4E-5D2FB03BE79A}.AppStore|Any CPU.ActiveCfg = Release|Any CPU
		{D164A00A-83E3-4354-9A4E-5D2FB03BE79A}.AppStore|Any CPU.Build.0 = Release|Any CPU
		{D164A00A-83E3-4354-9A4E-5D2FB03BE79A}.AppStore|ARM.ActiveCfg = Release|Any CPU
		{D164A00A-83E3-4354-9A4E-5D2FB03BE79A}.AppStore|ARM.Build.0 = Release|Any CPU
		{D164A00A-83E3-4354-9A4E-5D2FB03BE79A}.AppStore|iPhone.ActiveCfg = Release|Any CPU
		{D164A00A-83E3-4354-9A4E-5D2FB03BE79A}.AppStore|iPhone.Build.0 = Release|Any CPU
		{D164A00A-83E3-4354-9A4E-5D2FB03BE79A}.AppStore|iPhoneSimulator.ActiveCfg = Release|Any CPU
		{D164A00A-83E3-4354-9A4E-5D2FB03BE79A}.AppStore|iPhoneSimulator.Build.0 = Release|Any CPU
		{D164A00A-83E3-4354-9A4E-5D2FB03BE79A}.AppStore|x64.ActiveCfg = Release|Any CPU
		{D164A00A-83E3-4354-9A4E-5D2FB03BE79A}.AppStore|x64.Build.0 = Release|Any CPU
		{D164A00A-83E3-4354-9A4E-5D2FB03BE79A}.AppStore|x86.ActiveCfg = Release|Any CPU
		{D164A00A-83E3-4354-9A4E-5D2FB03BE79A}.AppStore|x86.Build.0 = Release|Any CPU
		{D164A00A-83E3-4354-9A4E-5D2FB03BE79A}.Debug|Any CPU.ActiveCfg = Debug|Any CPU
		{D164A00A-83E3-4354-9A4E-5D2FB03BE79A}.Debug|Any CPU.Build.0 = Debug|Any CPU
		{D164A00A-83E3-4354-9A4E-5D2FB03BE79A}.Debug|ARM.ActiveCfg = Debug|Any CPU
		{D164A00A-83E3-4354-9A4E-5D2FB03BE79A}.Debug|ARM.Build.0 = Debug|Any CPU
		{D164A00A-83E3-4354-9A4E-5D2FB03BE79A}.Debug|iPhone.ActiveCfg = Debug|Any CPU
		{D164A00A-83E3-4354-9A4E-5D2FB03BE79A}.Debug|iPhone.Build.0 = Debug|Any CPU
		{D164A00A-83E3-4354-9A4E-5D2FB03BE79A}.Debug|iPhoneSimulator.ActiveCfg = Debug|Any CPU
		{D164A00A-83E3-4354-9A4E-5D2FB03BE79A}.Debug|iPhoneSimulator.Build.0 = Debug|Any CPU
		{D164A00A-83E3-4354-9A4E-5D2FB03BE79A}.Debug|x64.ActiveCfg = Debug|Any CPU
		{D164A00A-83E3-4354-9A4E-5D2FB03BE79A}.Debug|x64.Build.0 = Debug|Any CPU
		{D164A00A-83E3-4354-9A4E-5D2FB03BE79A}.Debug|x86.ActiveCfg = Debug|Any CPU
		{D164A00A-83E3-4354-9A4E-5D2FB03BE79A}.Debug|x86.Build.0 = Debug|Any CPU
		{D164A00A-83E3-4354-9A4E-5D2FB03BE79A}.Release|Any CPU.ActiveCfg = Release|Any CPU
		{D164A00A-83E3-4354-9A4E-5D2FB03BE79A}.Release|Any CPU.Build.0 = Release|Any CPU
		{D164A00A-83E3-4354-9A4E-5D2FB03BE79A}.Release|ARM.ActiveCfg = Release|Any CPU
		{D164A00A-83E3-4354-9A4E-5D2FB03BE79A}.Release|ARM.Build.0 = Release|Any CPU
		{D164A00A-83E3-4354-9A4E-5D2FB03BE79A}.Release|iPhone.ActiveCfg = Release|Any CPU
		{D164A00A-83E3-4354-9A4E-5D2FB03BE79A}.Release|iPhone.Build.0 = Release|Any CPU
		{D164A00A-83E3-4354-9A4E-5D2FB03BE79A}.Release|iPhoneSimulator.ActiveCfg = Release|Any CPU
		{D164A00A-83E3-4354-9A4E-5D2FB03BE79A}.Release|iPhoneSimulator.Build.0 = Release|Any CPU
		{D164A00A-83E3-4354-9A4E-5D2FB03BE79A}.Release|x64.ActiveCfg = Release|Any CPU
		{D164A00A-83E3-4354-9A4E-5D2FB03BE79A}.Release|x64.Build.0 = Release|Any CPU
		{D164A00A-83E3-4354-9A4E-5D2FB03BE79A}.Release|x86.ActiveCfg = Release|Any CPU
		{D164A00A-83E3-4354-9A4E-5D2FB03BE79A}.Release|x86.Build.0 = Release|Any CPU
		{2B4F6B9E-B535-417D-8D62-970085E06550}.Ad-Hoc|Any CPU.ActiveCfg = Release|x86
		{2B4F6B9E-B535-417D-8D62-970085E06550}.Ad-Hoc|Any CPU.Build.0 = Release|x86
		{2B4F6B9E-B535-417D-8D62-970085E06550}.Ad-Hoc|Any CPU.Deploy.0 = Release|x86
		{2B4F6B9E-B535-417D-8D62-970085E06550}.Ad-Hoc|ARM.ActiveCfg = Release|ARM
		{2B4F6B9E-B535-417D-8D62-970085E06550}.Ad-Hoc|ARM.Build.0 = Release|ARM
		{2B4F6B9E-B535-417D-8D62-970085E06550}.Ad-Hoc|ARM.Deploy.0 = Release|ARM
		{2B4F6B9E-B535-417D-8D62-970085E06550}.Ad-Hoc|iPhone.ActiveCfg = Release|x86
		{2B4F6B9E-B535-417D-8D62-970085E06550}.Ad-Hoc|iPhone.Build.0 = Release|x86
		{2B4F6B9E-B535-417D-8D62-970085E06550}.Ad-Hoc|iPhone.Deploy.0 = Release|x86
		{2B4F6B9E-B535-417D-8D62-970085E06550}.Ad-Hoc|iPhoneSimulator.ActiveCfg = Release|x86
		{2B4F6B9E-B535-417D-8D62-970085E06550}.Ad-Hoc|iPhoneSimulator.Build.0 = Release|x86
		{2B4F6B9E-B535-417D-8D62-970085E06550}.Ad-Hoc|iPhoneSimulator.Deploy.0 = Release|x86
		{2B4F6B9E-B535-417D-8D62-970085E06550}.Ad-Hoc|x64.ActiveCfg = Release|x64
		{2B4F6B9E-B535-417D-8D62-970085E06550}.Ad-Hoc|x64.Build.0 = Release|x64
		{2B4F6B9E-B535-417D-8D62-970085E06550}.Ad-Hoc|x64.Deploy.0 = Release|x64
		{2B4F6B9E-B535-417D-8D62-970085E06550}.Ad-Hoc|x86.ActiveCfg = Release|x86
		{2B4F6B9E-B535-417D-8D62-970085E06550}.Ad-Hoc|x86.Build.0 = Release|x86
		{2B4F6B9E-B535-417D-8D62-970085E06550}.Ad-Hoc|x86.Deploy.0 = Release|x86
		{2B4F6B9E-B535-417D-8D62-970085E06550}.AppStore|Any CPU.ActiveCfg = Release|x86
		{2B4F6B9E-B535-417D-8D62-970085E06550}.AppStore|Any CPU.Build.0 = Release|x86
		{2B4F6B9E-B535-417D-8D62-970085E06550}.AppStore|Any CPU.Deploy.0 = Release|x86
		{2B4F6B9E-B535-417D-8D62-970085E06550}.AppStore|ARM.ActiveCfg = Release|ARM
		{2B4F6B9E-B535-417D-8D62-970085E06550}.AppStore|ARM.Build.0 = Release|ARM
		{2B4F6B9E-B535-417D-8D62-970085E06550}.AppStore|ARM.Deploy.0 = Release|ARM
		{2B4F6B9E-B535-417D-8D62-970085E06550}.AppStore|iPhone.ActiveCfg = Release|x86
		{2B4F6B9E-B535-417D-8D62-970085E06550}.AppStore|iPhone.Build.0 = Release|x86
		{2B4F6B9E-B535-417D-8D62-970085E06550}.AppStore|iPhone.Deploy.0 = Release|x86
		{2B4F6B9E-B535-417D-8D62-970085E06550}.AppStore|iPhoneSimulator.ActiveCfg = Release|x86
		{2B4F6B9E-B535-417D-8D62-970085E06550}.AppStore|iPhoneSimulator.Build.0 = Release|x86
		{2B4F6B9E-B535-417D-8D62-970085E06550}.AppStore|iPhoneSimulator.Deploy.0 = Release|x86
		{2B4F6B9E-B535-417D-8D62-970085E06550}.AppStore|x64.ActiveCfg = Release|x64
		{2B4F6B9E-B535-417D-8D62-970085E06550}.AppStore|x64.Build.0 = Release|x64
		{2B4F6B9E-B535-417D-8D62-970085E06550}.AppStore|x64.Deploy.0 = Release|x64
		{2B4F6B9E-B535-417D-8D62-970085E06550}.AppStore|x86.ActiveCfg = Release|x86
		{2B4F6B9E-B535-417D-8D62-970085E06550}.AppStore|x86.Build.0 = Release|x86
		{2B4F6B9E-B535-417D-8D62-970085E06550}.AppStore|x86.Deploy.0 = Release|x86
		{2B4F6B9E-B535-417D-8D62-970085E06550}.Debug|Any CPU.ActiveCfg = Debug|x86
		{2B4F6B9E-B535-417D-8D62-970085E06550}.Debug|ARM.ActiveCfg = Debug|ARM
		{2B4F6B9E-B535-417D-8D62-970085E06550}.Debug|ARM.Build.0 = Debug|ARM
		{2B4F6B9E-B535-417D-8D62-970085E06550}.Debug|ARM.Deploy.0 = Debug|ARM
		{2B4F6B9E-B535-417D-8D62-970085E06550}.Debug|iPhone.ActiveCfg = Debug|x86
		{2B4F6B9E-B535-417D-8D62-970085E06550}.Debug|iPhoneSimulator.ActiveCfg = Debug|x86
		{2B4F6B9E-B535-417D-8D62-970085E06550}.Debug|x64.ActiveCfg = Debug|x64
		{2B4F6B9E-B535-417D-8D62-970085E06550}.Debug|x64.Build.0 = Debug|x64
		{2B4F6B9E-B535-417D-8D62-970085E06550}.Debug|x64.Deploy.0 = Debug|x64
		{2B4F6B9E-B535-417D-8D62-970085E06550}.Debug|x86.ActiveCfg = Debug|x86
		{2B4F6B9E-B535-417D-8D62-970085E06550}.Debug|x86.Build.0 = Debug|x86
		{2B4F6B9E-B535-417D-8D62-970085E06550}.Debug|x86.Deploy.0 = Debug|x86
		{2B4F6B9E-B535-417D-8D62-970085E06550}.Release|Any CPU.ActiveCfg = Release|x86
		{2B4F6B9E-B535-417D-8D62-970085E06550}.Release|ARM.ActiveCfg = Release|ARM
		{2B4F6B9E-B535-417D-8D62-970085E06550}.Release|ARM.Build.0 = Release|ARM
		{2B4F6B9E-B535-417D-8D62-970085E06550}.Release|ARM.Deploy.0 = Release|ARM
		{2B4F6B9E-B535-417D-8D62-970085E06550}.Release|iPhone.ActiveCfg = Release|x86
		{2B4F6B9E-B535-417D-8D62-970085E06550}.Release|iPhoneSimulator.ActiveCfg = Release|x86
		{2B4F6B9E-B535-417D-8D62-970085E06550}.Release|x64.ActiveCfg = Release|x64
		{2B4F6B9E-B535-417D-8D62-970085E06550}.Release|x64.Build.0 = Release|x64
		{2B4F6B9E-B535-417D-8D62-970085E06550}.Release|x64.Deploy.0 = Release|x64
		{2B4F6B9E-B535-417D-8D62-970085E06550}.Release|x86.ActiveCfg = Release|x86
		{2B4F6B9E-B535-417D-8D62-970085E06550}.Release|x86.Build.0 = Release|x86
		{2B4F6B9E-B535-417D-8D62-970085E06550}.Release|x86.Deploy.0 = Release|x86
		{32D839D0-3769-48A1-AB72-00C11C99B432}.Ad-Hoc|Any CPU.ActiveCfg = Ad-Hoc|iPhone
		{32D839D0-3769-48A1-AB72-00C11C99B432}.Ad-Hoc|ARM.ActiveCfg = Ad-Hoc|iPhone
		{32D839D0-3769-48A1-AB72-00C11C99B432}.Ad-Hoc|iPhone.ActiveCfg = Ad-Hoc|iPhone
		{32D839D0-3769-48A1-AB72-00C11C99B432}.Ad-Hoc|iPhone.Build.0 = Ad-Hoc|iPhone
		{32D839D0-3769-48A1-AB72-00C11C99B432}.Ad-Hoc|iPhoneSimulator.ActiveCfg = Ad-Hoc|iPhoneSimulator
		{32D839D0-3769-48A1-AB72-00C11C99B432}.Ad-Hoc|iPhoneSimulator.Build.0 = Ad-Hoc|iPhoneSimulator
		{32D839D0-3769-48A1-AB72-00C11C99B432}.Ad-Hoc|x64.ActiveCfg = Ad-Hoc|iPhone
		{32D839D0-3769-48A1-AB72-00C11C99B432}.Ad-Hoc|x86.ActiveCfg = Ad-Hoc|iPhone
		{32D839D0-3769-48A1-AB72-00C11C99B432}.AppStore|Any CPU.ActiveCfg = AppStore|iPhone
		{32D839D0-3769-48A1-AB72-00C11C99B432}.AppStore|ARM.ActiveCfg = AppStore|iPhone
		{32D839D0-3769-48A1-AB72-00C11C99B432}.AppStore|iPhone.ActiveCfg = AppStore|iPhone
		{32D839D0-3769-48A1-AB72-00C11C99B432}.AppStore|iPhone.Build.0 = AppStore|iPhone
		{32D839D0-3769-48A1-AB72-00C11C99B432}.AppStore|iPhoneSimulator.ActiveCfg = AppStore|iPhoneSimulator
		{32D839D0-3769-48A1-AB72-00C11C99B432}.AppStore|iPhoneSimulator.Build.0 = AppStore|iPhoneSimulator
		{32D839D0-3769-48A1-AB72-00C11C99B432}.AppStore|x64.ActiveCfg = AppStore|iPhone
		{32D839D0-3769-48A1-AB72-00C11C99B432}.AppStore|x86.ActiveCfg = AppStore|iPhone
		{32D839D0-3769-48A1-AB72-00C11C99B432}.Debug|Any CPU.ActiveCfg = Debug|iPhone
		{32D839D0-3769-48A1-AB72-00C11C99B432}.Debug|ARM.ActiveCfg = Debug|iPhone
		{32D839D0-3769-48A1-AB72-00C11C99B432}.Debug|iPhone.ActiveCfg = Debug|iPhone
		{32D839D0-3769-48A1-AB72-00C11C99B432}.Debug|iPhone.Build.0 = Debug|iPhone
		{32D839D0-3769-48A1-AB72-00C11C99B432}.Debug|iPhoneSimulator.ActiveCfg = Debug|iPhoneSimulator
		{32D839D0-3769-48A1-AB72-00C11C99B432}.Debug|iPhoneSimulator.Build.0 = Debug|iPhoneSimulator
		{32D839D0-3769-48A1-AB72-00C11C99B432}.Debug|x64.ActiveCfg = Debug|iPhone
		{32D839D0-3769-48A1-AB72-00C11C99B432}.Debug|x86.ActiveCfg = Debug|iPhone
		{32D839D0-3769-48A1-AB72-00C11C99B432}.Release|Any CPU.ActiveCfg = Release|iPhone
		{32D839D0-3769-48A1-AB72-00C11C99B432}.Release|ARM.ActiveCfg = Release|iPhone
		{32D839D0-3769-48A1-AB72-00C11C99B432}.Release|iPhone.ActiveCfg = Release|iPhone
		{32D839D0-3769-48A1-AB72-00C11C99B432}.Release|iPhone.Build.0 = Release|iPhone
		{32D839D0-3769-48A1-AB72-00C11C99B432}.Release|iPhoneSimulator.ActiveCfg = Release|iPhoneSimulator
		{32D839D0-3769-48A1-AB72-00C11C99B432}.Release|iPhoneSimulator.Build.0 = Release|iPhoneSimulator
		{32D839D0-3769-48A1-AB72-00C11C99B432}.Release|x64.ActiveCfg = Release|iPhone
		{32D839D0-3769-48A1-AB72-00C11C99B432}.Release|x86.ActiveCfg = Release|iPhone
	EndGlobalSection
	GlobalSection(SolutionProperties) = preSolution
		HideSolutionNode = FALSE
	EndGlobalSection
	GlobalSection(ExtensibilityGlobals) = postSolution
		SolutionGuid = {7DA485B4-9F01-4359-B7FC-2923B8CA8976}
	EndGlobalSection
EndGlobal
